
Microsoft Visual Studio Solution File, Format Version 12.00
# Visual Studio 2012
Project("{FAE04EC0-301F-11D3-BF4B-00C04F79EFBC}") = "Noris.Data", "Noris.Data\Noris.Data.csproj", "{EC92AD6D-CCBA-4092-9C59-11556F8C8B98}"
EndProject
Project("{FAE04EC0-301F-11D3-BF4B-00C04F79EFBC}") = "Noris.Dao", "Noris.Dao\Noris.Dao.csproj", "{FCA1A4E1-0A1A-4CD4-8F6B-BF967F18E107}"
EndProject
Project("{FAE04EC0-301F-11D3-BF4B-00C04F79EFBC}") = "Noris.Services", "Noris.Services\Noris.Services.csproj", "{CDB19C57-6342-4BFA-84A0-A0D9E3833921}"
EndProject
Project("{FAE04EC0-301F-11D3-BF4B-00C04F79EFBC}") = "Noris.Run", "Noris.Run\Noris.Run.csproj", "{7BF5BA19-3AEB-4AB9-B70A-2998E404B489}"
EndProject
Global
	GlobalSection(SolutionConfigurationPlatforms) = preSolution
		Debug|Any CPU = Debug|Any CPU
		Release|Any CPU = Release|Any CPU
	EndGlobalSection
	GlobalSection(ProjectConfigurationPlatforms) = postSolution
		{EC92AD6D-CCBA-4092-9C59-11556F8C8B98}.Debug|Any CPU.ActiveCfg = Debug|Any CPU
		{EC92AD6D-CCBA-4092-9C59-11556F8C8B98}.Debug|Any CPU.Build.0 = Debug|Any CPU
		{EC92AD6D-CCBA-4092-9C59-11556F8C8B98}.Release|Any CPU.ActiveCfg = Release|Any CPU
		{EC92AD6D-CCBA-4092-9C59-11556F8C8B98}.Release|Any CPU.Build.0 = Release|Any CPU
		{FCA1A4E1-0A1A-4CD4-8F6B-BF967F18E107}.Debug|Any CPU.ActiveCfg = Debug|Any CPU
		{FCA1A4E1-0A1A-4CD4-8F6B-BF967F18E107}.Debug|Any CPU.Build.0 = Debug|Any CPU
		{FCA1A4E1-0A1A-4CD4-8F6B-BF967F18E107}.Release|Any CPU.ActiveCfg = Release|Any CPU
		{FCA1A4E1-0A1A-4CD4-8F6B-BF967F18E107}.Release|Any CPU.Build.0 = Release|Any CPU
		{CDB19C57-6342-4BFA-84A0-A0D9E3833921}.Debug|Any CPU.ActiveCfg = Debug|Any CPU
		{CDB19C57-6342-4BFA-84A0-A0D9E3833921}.Debug|Any CPU.Build.0 = Debug|Any CPU
		{CDB19C57-6342-4BFA-84A0-A0D9E3833921}.Release|Any CPU.ActiveCfg = Release|Any CPU
		{CDB19C57-6342-4BFA-84A0-A0D9E3833921}.Release|Any CPU.Build.0 = Release|Any CPU
		{7BF5BA19-3AEB-4AB9-B70A-2998E404B489}.Debug|Any CPU.ActiveCfg = Debug|Any CPU
		{7BF5BA19-3AEB-4AB9-B70A-2998E404B489}.Debug|Any CPU.Build.0 = Debug|Any CPU
		{7BF5BA19-3AEB-4AB9-B70A-2998E404B489}.Release|Any CPU.ActiveCfg = Release|Any CPU
		{7BF5BA19-3AEB-4AB9-B70A-2998E404B489}.Release|Any CPU.Build.0 = Release|Any CPU
	EndGlobalSection
	GlobalSection(SolutionProperties) = preSolution
		HideSolutionNode = FALSE
	EndGlobalSection
EndGlobal
